
Microsoft Visual Studio Solution File, Format Version 12.00
# Visual Studio 15
VisualStudioVersion = 15.0.27130.2010
MinimumVisualStudioVersion = 10.0.40219.1
Project("{FAE04EC0-301F-11D3-BF4B-00C04F79EFBC}") = "Biblioteca", "Biblioteca.csproj", "{D920AE6C-BF37-4C19-87D7-2DEAFFA34A7B}"
EndProject
Global
	GlobalSection(SolutionConfigurationPlatforms) = preSolution
		Debug|Any CPU = Debug|Any CPU
		Release|Any CPU = Release|Any CPU
	EndGlobalSection
	GlobalSection(ProjectConfigurationPlatforms) = postSolution
		{D920AE6C-BF37-4C19-87D7-2DEAFFA34A7B}.Debug|Any CPU.ActiveCfg = Debug|Any CPU
		{D920AE6C-BF37-4C19-87D7-2DEAFFA34A7B}.Debug|Any CPU.Build.0 = Debug|Any CPU
		{D920AE6C-BF37-4C19-87D7-2DEAFFA34A7B}.Release|Any CPU.ActiveCfg = Release|Any CPU
		{D920AE6C-BF37-4C19-87D7-2DEAFFA34A7B}.Release|Any CPU.Build.0 = Release|Any CPU
	EndGlobalSection
	GlobalSection(SolutionProperties) = preSolution
		HideSolutionNode = FALSE
	EndGlobalSection
	GlobalSection(ExtensibilityGlobals) = postSolution
		SolutionGuid = {0B52661A-B00C-423B-96BA-9DC56C32E6C7}
	EndGlobalSection
EndGlobal
